{
  "name": "serverless-email-service",
  "version": "1.0.0",
  "lockfileVersion": 3,
  "requires": true,
  "packages": {
    "": {
      "name": "serverless-email-service",
      "version": "1.0.0",
      "license": "MIT",
      "dependencies": {
        "serverless-image-processing-toolkit": "^1.0.0"
      }
    },
    "node_modules/serverless-image-processing-toolkit": {
      "version": "1.0.0",
      "resolved": "https://registry.npmjs.org/serverless-image-processing-toolkit/-/serverless-image-processing-toolkit-1.0.0.tgz",
      "integrity": "sha512-b9If20APCAilJCv+UWZ0jDZoP2PA8z1NGhMm+SWFRxxnWHCzICXUMErH+1N77R/FCoJ6cuQLMegIdOLIozvMmw=="
    }
  }
}
